// !$*UTF8*$!
{
	archiveVersion = 1;
	classes = {
	};
	objectVersion = 55;
	objects = {

/* Begin PBXBuildFile section */
		2CF7DCD127FC97AC00643581 /* Tests_iOS.swift in Sources */ = {isa = PBXBuildFile; fileRef = 2CF7DCD027FC97AC00643581 /* Tests_iOS.swift */; };
		2CF7DCD327FC97AC00643581 /* Tests_iOSLaunchTests.swift in Sources */ = {isa = PBXBuildFile; fileRef = 2CF7DCD227FC97AC00643581 /* Tests_iOSLaunchTests.swift */; };
		2CF7DCDD27FC97AC00643581 /* Tests_macOS.swift in Sources */ = {isa = PBXBuildFile; fileRef = 2CF7DCDC27FC97AC00643581 /* Tests_macOS.swift */; };
		2CF7DCDF27FC97AC00643581 /* Tests_macOSLaunchTests.swift in Sources */ = {isa = PBXBuildFile; fileRef = 2CF7DCDE27FC97AC00643581 /* Tests_macOSLaunchTests.swift */; };
		2CF7DCE027FC97AC00643581 /* ImagePickerApp.swift in Sources */ = {isa = PBXBuildFile; fileRef = 2CF7DCB827FC97AB00643581 /* ImagePickerApp.swift */; };
		2CF7DCE127FC97AC00643581 /* ImagePickerApp.swift in Sources */ = {isa = PBXBuildFile; fileRef = 2CF7DCB827FC97AB00643581 /* ImagePickerApp.swift */; };
		2CF7DCE227FC97AC00643581 /* ContentView.swift in Sources */ = {isa = PBXBuildFile; fileRef = 2CF7DCB927FC97AB00643581 /* ContentView.swift */; };
		2CF7DCE327FC97AC00643581 /* ContentView.swift in Sources */ = {isa = PBXBuildFile; fileRef = 2CF7DCB927FC97AB00643581 /* ContentView.swift */; };
		2CF7DCE427FC97AC00643581 /* Assets.xcassets in Resources */ = {isa = PBXBuildFile; fileRef = 2CF7DCBA27FC97AC00643581 /* Assets.xcassets */; };
		2CF7DCE527FC97AC00643581 /* Assets.xcassets in Resources */ = {isa = PBXBuildFile; fileRef = 2CF7DCBA27FC97AC00643581 /* Assets.xcassets */; };
		2CF7DCF527FC9A0A00643581 /* ImagePicker.swift in Sources */ = {isa = PBXBuildFile; fileRef = 2CF7DCF427FC9A0A00643581 /* ImagePicker.swift */; };
		2CF7DCF627FC9A0A00643581 /* ImagePicker.swift in Sources */ = {isa = PBXBuildFile; fileRef = 2CF7DCF427FC9A0A00643581 /* ImagePicker.swift */; };
		2CFCDA8527FE3210004B7AB8 /* ImagePickerMVVM.swift in Sources */ = {isa = PBXBuildFile; fileRef = 2CFCDA8427FE3210004B7AB8 /* ImagePickerMVVM.swift */; };
		2CFCDA8627FE3210004B7AB8 /* ImagePickerMVVM.swift in Sources */ = {isa = PBXBuildFile; fileRef = 2CFCDA8427FE3210004B7AB8 /* ImagePickerMVVM.swift */; };
/* End PBXBuildFile section */

/* Begin PBXContainerItemProxy section */
		2CF7DCCD27FC97AC00643581 /* PBXContainerItemProxy */ = {
			isa = PBXContainerItemProxy;
			containerPortal = 2CF7DCB327FC97AB00643581 /* Project object */;
			proxyType = 1;
			remoteGlobalIDString = 2CF7DCBE27FC97AC00643581;
			remoteInfo = "ImagePicker (iOS)";
		};
		2CF7DCD927FC97AC00643581 /* PBXContainerItemProxy */ = {
			isa = PBXContainerItemProxy;
			containerPortal = 2CF7DCB327FC97AB00643581 /* Project object */;
			proxyType = 1;
			remoteGlobalIDString = 2CF7DCC427FC97AC00643581;
			remoteInfo = "ImagePicker (macOS)";
		};
/* End PBXContainerItemProxy section */

/* Begin PBXFileReference section */
		2CF7DCB827FC97AB00643581 /* ImagePickerApp.swift */ = {isa = PBXFileReference; lastKnownFileType = sourcecode.swift; path = ImagePickerApp.swift; sourceTree = "<group>"; };
		2CF7DCB927FC97AB00643581 /* ContentView.swift */ = {isa = PBXFileReference; lastKnownFileType = sourcecode.swift; path = ContentView.swift; sourceTree = "<group>"; };
		2CF7DCBA27FC97AC00643581 /* Assets.xcassets */ = {isa = PBXFileReference; lastKnownFileType = folder.assetcatalog; path = Assets.xcassets; sourceTree = "<group>"; };
		2CF7DCBF27FC97AC00643581 /* ImagePicker.app */ = {isa = PBXFileReference; explicitFileType = wrapper.application; includeInIndex = 0; path = ImagePicker.app; sourceTree = BUILT_PRODUCTS_DIR; };
		2CF7DCC527FC97AC00643581 /* ImagePicker.app */ = {isa = PBXFileReference; explicitFileType = wrapper.application; includeInIndex = 0; path = ImagePicker.app; sourceTree = BUILT_PRODUCTS_DIR; };
		2CF7DCC727FC97AC00643581 /* macOS.entitlements */ = {isa = PBXFileReference; lastKnownFileType = text.plist.entitlements; path = macOS.entitlements; sourceTree = "<group>"; };
		2CF7DCCC27FC97AC00643581 /* Tests iOS.xctest */ = {isa = PBXFileReference; explicitFileType = wrapper.cfbundle; includeInIndex = 0; path = "Tests iOS.xctest"; sourceTree = BUILT_PRODUCTS_DIR; };
		2CF7DCD027FC97AC00643581 /* Tests_iOS.swift */ = {isa = PBXFileReference; lastKnownFileType = sourcecode.swift; path = Tests_iOS.swift; sourceTree = "<group>"; };
		2CF7DCD227FC97AC00643581 /* Tests_iOSLaunchTests.swift */ = {isa = PBXFileReference; lastKnownFileType = sourcecode.swift; path = Tests_iOSLaunchTests.swift; sourceTree = "<group>"; };
		2CF7DCD827FC97AC00643581 /* Tests macOS.xctest */ = {isa = PBXFileReference; explicitFileType = wrapper.cfbundle; includeInIndex = 0; path = "Tests macOS.xctest"; sourceTree = BUILT_PRODUCTS_DIR; };
		2CF7DCDC27FC97AC00643581 /* Tests_macOS.swift */ = {isa = PBXFileReference; lastKnownFileType = sourcecode.swift; path = Tests_macOS.swift; sourceTree = "<group>"; };
		2CF7DCDE27FC97AC00643581 /* Tests_macOSLaunchTests.swift */ = {isa = PBXFileReference; lastKnownFileType = sourcecode.swift; path = Tests_macOSLaunchTests.swift; sourceTree = "<group>"; };
		2CF7DCF427FC9A0A00643581 /* ImagePicker.swift */ = {isa = PBXFileReference; lastKnownFileType = sourcecode.swift; path = ImagePicker.swift; sourceTree = "<group>"; };
		2CFCDA8427FE3210004B7AB8 /* ImagePickerMVVM.swift */ = {isa = PBXFileReference; lastKnownFileType = sourcecode.swift; path = ImagePickerMVVM.swift; sourceTree = "<group>"; };
/* End PBXFileReference section */

/* Begin PBXFrameworksBuildPhase section */
		2CF7DCBC27FC97AC00643581 /* Frameworks */ = {
			isa = PBXFrameworksBuildPhase;
			buildActionMask = 2147483647;
			files = (
			);
			runOnlyForDeploymentPostprocessing = 0;
		};
		2CF7DCC227FC97AC00643581 /* Frameworks */ = {
			isa = PBXFrameworksBuildPhase;
			buildActionMask = 2147483647;
			files = (
			);
			runOnlyForDeploymentPostprocessing = 0;
		};
		2CF7DCC927FC97AC00643581 /* Frameworks */ = {
			isa = PBXFrameworksBuildPhase;
			buildActionMask = 2147483647;
			files = (
			);
			runOnlyForDeploymentPostprocessing = 0;
		};
		2CF7DCD527FC97AC00643581 /* Frameworks */ = {
			isa = PBXFrameworksBuildPhase;
			buildActionMask = 2147483647;
			files = (
			);
			runOnlyForDeploymentPostprocessing = 0;
		};
/* End PBXFrameworksBuildPhase section */

/* Begin PBXGroup section */
		2CF7DCB227FC97AB00643581 = {
			isa = PBXGroup;
			children = (
				2CF7DCB727FC97AB00643581 /* Shared */,
				2CF7DCC627FC97AC00643581 /* macOS */,
				2CF7DCCF27FC97AC00643581 /* Tests iOS */,
				2CF7DCDB27FC97AC00643581 /* Tests macOS */,
				2CF7DCC027FC97AC00643581 /* Products */,
			);
			sourceTree = "<group>";
		};
		2CF7DCB727FC97AB00643581 /* Shared */ = {
			isa = PBXGroup;
			children = (
				2CF7DCB827FC97AB00643581 /* ImagePickerApp.swift */,
				2CF7DCB927FC97AB00643581 /* ContentView.swift */,
				2CF7DCBA27FC97AC00643581 /* Assets.xcassets */,
				2CF7DCF427FC9A0A00643581 /* ImagePicker.swift */,
				2CFCDA8427FE3210004B7AB8 /* ImagePickerMVVM.swift */,
			);
			path = Shared;
			sourceTree = "<group>";
		};
		2CF7DCC027FC97AC00643581 /* Products */ = {
			isa = PBXGroup;
			children = (
				2CF7DCBF27FC97AC00643581 /* ImagePicker.app */,
				2CF7DCC527FC97AC00643581 /* ImagePicker.app */,
				2CF7DCCC27FC97AC00643581 /* Tests iOS.xctest */,
				2CF7DCD827FC97AC00643581 /* Tests macOS.xctest */,
			);
			name = Products;
			sourceTree = "<group>";
		};
		2CF7DCC627FC97AC00643581 /* macOS */ = {
			isa = PBXGroup;
			children = (
				2CF7DCC727FC97AC00643581 /* macOS.entitlements */,
			);
			path = macOS;
			sourceTree = "<group>";
		};
		2CF7DCCF27FC97AC00643581 /* Tests iOS */ = {
			isa = PBXGroup;
			children = (
				2CF7DCD027FC97AC00643581 /* Tests_iOS.swift */,
				2CF7DCD227FC97AC00643581 /* Tests_iOSLaunchTests.swift */,
			);
			path = "Tests iOS";
			sourceTree = "<group>";
		};
		2CF7DCDB27FC97AC00643581 /* Tests macOS */ = {
			isa = PBXGroup;
			children = (
				2CF7DCDC27FC97AC00643581 /* Tests_macOS.swift */,
				2CF7DCDE27FC97AC00643581 /* Tests_macOSLaunchTests.swift */,
			);
			path = "Tests macOS";
			sourceTree = "<group>";
		};
/* End PBXGroup section */

/* Begin PBXNativeTarget section */
		2CF7DCBE27FC97AC00643581 /* ImagePicker (iOS) */ = {
			isa = PBXNativeTarget;
			buildConfigurationList = 2CF7DCE827FC97AC00643581 /* Build configuration list for PBXNativeTarget "ImagePicker (iOS)" */;
			buildPhases = (
				2CF7DCBB27FC97AC00643581 /* Sources */,
				2CF7DCBC27FC97AC00643581 /* Frameworks */,
				2CF7DCBD27FC97AC00643581 /* Resources */,
			);
			buildRules = (
			);
			dependencies = (
			);
			name = "ImagePicker (iOS)";
			productName = "ImagePicker (iOS)";
			productReference = 2CF7DCBF27FC97AC00643581 /* ImagePicker.app */;
			productType = "com.apple.product-type.application";
		};
		2CF7DCC427FC97AC00643581 /* ImagePicker (macOS) */ = {
			isa = PBXNativeTarget;
			buildConfigurationList = 2CF7DCEB27FC97AC00643581 /* Build configuration list for PBXNativeTarget "ImagePicker (macOS)" */;
			buildPhases = (
				2CF7DCC127FC97AC00643581 /* Sources */,
				2CF7DCC227FC97AC00643581 /* Frameworks */,
				2CF7DCC327FC97AC00643581 /* Resources */,
			);
			buildRules = (
			);
			dependencies = (
			);
			name = "ImagePicker (macOS)";
			productName = "ImagePicker (macOS)";
			productReference = 2CF7DCC527FC97AC00643581 /* ImagePicker.app */;
			productType = "com.apple.product-type.application";
		};
		2CF7DCCB27FC97AC00643581 /* Tests iOS */ = {
			isa = PBXNativeTarget;
			buildConfigurationList = 2CF7DCEE27FC97AC00643581 /* Build configuration list for PBXNativeTarget "Tests iOS" */;
			buildPhases = (
				2CF7DCC827FC97AC00643581 /* Sources */,
				2CF7DCC927FC97AC00643581 /* Frameworks */,
				2CF7DCCA27FC97AC00643581 /* Resources */,
			);
			buildRules = (
			);
			dependencies = (
				2CF7DCCE27FC97AC00643581 /* PBXTargetDependency */,
			);
			name = "Tests iOS";
			productName = "Tests iOS";
			productReference = 2CF7DCCC27FC97AC00643581 /* Tests iOS.xctest */;
			productType = "com.apple.product-type.bundle.ui-testing";
		};
		2CF7DCD727FC97AC00643581 /* Tests macOS */ = {
			isa = PBXNativeTarget;
			buildConfigurationList = 2CF7DCF127FC97AC00643581 /* Build configuration list for PBXNativeTarget "Tests macOS" */;
			buildPhases = (
				2CF7DCD427FC97AC00643581 /* Sources */,
				2CF7DCD527FC97AC00643581 /* Frameworks */,
				2CF7DCD627FC97AC00643581 /* Resources */,
			);
			buildRules = (
			);
			dependencies = (
				2CF7DCDA27FC97AC00643581 /* PBXTargetDependency */,
			);
			name = "Tests macOS";
			productName = "Tests macOS";
			productReference = 2CF7DCD827FC97AC00643581 /* Tests macOS.xctest */;
			productType = "com.apple.product-type.bundle.ui-testing";
		};
/* End PBXNativeTarget section */

/* Begin PBXProject section */
		2CF7DCB327FC97AB00643581 /* Project object */ = {
			isa = PBXProject;
			attributes = {
				BuildIndependentTargetsInParallel = 1;
				LastSwiftUpdateCheck = 1330;
				LastUpgradeCheck = 1330;
				TargetAttributes = {
					2CF7DCBE27FC97AC00643581 = {
						CreatedOnToolsVersion = 13.3;
					};
					2CF7DCC427FC97AC00643581 = {
						CreatedOnToolsVersion = 13.3;
					};
					2CF7DCCB27FC97AC00643581 = {
						CreatedOnToolsVersion = 13.3;
						TestTargetID = 2CF7DCBE27FC97AC00643581;
					};
					2CF7DCD727FC97AC00643581 = {
						CreatedOnToolsVersion = 13.3;
						TestTargetID = 2CF7DCC427FC97AC00643581;
					};
				};
			};
			buildConfigurationList = 2CF7DCB627FC97AB00643581 /* Build configuration list for PBXProject "ImagePicker" */;
			compatibilityVersion = "Xcode 13.0";
			developmentRegion = en;
			hasScannedForEncodings = 0;
			knownRegions = (
				en,
				Base,
			);
			mainGroup = 2CF7DCB227FC97AB00643581;
			productRefGroup = 2CF7DCC027FC97AC00643581 /* Products */;
			projectDirPath = "";
			projectRoot = "";
			targets = (
				2CF7DCBE27FC97AC00643581 /* ImagePicker (iOS) */,
				2CF7DCC427FC97AC00643581 /* ImagePicker (macOS) */,
				2CF7DCCB27FC97AC00643581 /* Tests iOS */,
				2CF7DCD727FC97AC00643581 /* Tests macOS */,
			);
		};
/* End PBXProject section */

/* Begin PBXResourcesBuildPhase section */
		2CF7DCBD27FC97AC00643581 /* Resources */ = {
			isa = PBXResourcesBuildPhase;
			buildActionMask = 2147483647;
			files = (
				2CF7DCE427FC97AC00643581 /* Assets.xcassets in Resources */,
			);
			runOnlyForDeploymentPostprocessing = 0;
		};
		2CF7DCC327FC97AC00643581 /* Resources */ = {
			isa = PBXResourcesBuildPhase;
			buildActionMask = 2147483647;
			files = (
				2CF7DCE527FC97AC00643581 /* Assets.xcassets in Resources */,
			);
			runOnlyForDeploymentPostprocessing = 0;
		};
		2CF7DCCA27FC97AC00643581 /* Resources */ = {
			isa = PBXResourcesBuildPhase;
			buildActionMask = 2147483647;
			files = (
			);
			runOnlyForDeploymentPostprocessing = 0;
		};
		2CF7DCD627FC97AC00643581 /* Resources */ = {
			isa = PBXResourcesBuildPhase;
			buildActionMask = 2147483647;
			files = (
			);
			runOnlyForDeploymentPostprocessing = 0;
		};
/* End PBXResourcesBuildPhase section */

/* Begin PBXSourcesBuildPhase section */
		2CF7DCBB27FC97AC00643581 /* Sources */ = {
			isa = PBXSourcesBuildPhase;
			buildActionMask = 2147483647;
			files = (
				2CF7DCF527FC9A0A00643581 /* ImagePicker.swift in Sources */,
				2CF7DCE227FC97AC00643581 /* ContentView.swift in Sources */,
				2CF7DCE027FC97AC00643581 /* ImagePickerApp.swift in Sources */,
				2CFCDA8527FE3210004B7AB8 /* ImagePickerMVVM.swift in Sources */,
			);
			runOnlyForDeploymentPostprocessing = 0;
		};
		2CF7DCC127FC97AC00643581 /* Sources */ = {
			isa = PBXSourcesBuildPhase;
			buildActionMask = 2147483647;
			files = (
				2CF7DCF627FC9A0A00643581 /* ImagePicker.swift in Sources */,
				2CF7DCE327FC97AC00643581 /* ContentView.swift in Sources */,
				2CF7DCE127FC97AC00643581 /* ImagePickerApp.swift in Sources */,
				2CFCDA8627FE3210004B7AB8 /* ImagePickerMVVM.swift in Sources */,
			);
			runOnlyForDeploymentPostprocessing = 0;
		};
		2CF7DCC827FC97AC00643581 /* Sources */ = {
			isa = PBXSourcesBuildPhase;
			buildActionMask = 2147483647;
			files = (
				2CF7DCD327FC97AC00643581 /* Tests_iOSLaunchTests.swift in Sources */,
				2CF7DCD127FC97AC00643581 /* Tests_iOS.swift in Sources */,
			);
			runOnlyForDeploymentPostprocessing = 0;
		};
		2CF7DCD427FC97AC00643581 /* Sources */ = {
			isa = PBXSourcesBuildPhase;
			buildActionMask = 2147483647;
			files = (
				2CF7DCDF27FC97AC00643581 /* Tests_macOSLaunchTests.swift in Sources */,
				2CF7DCDD27FC97AC00643581 /* Tests_macOS.swift in Sources */,
			);
			runOnlyForDeploymentPostprocessing = 0;
		};
/* End PBXSourcesBuildPhase section */

/* Begin PBXTargetDependency section */
		2CF7DCCE27FC97AC00643581 /* PBXTargetDependency */ = {
			isa = PBXTargetDependency;
			target = 2CF7DCBE27FC97AC00643581 /* ImagePicker (iOS) */;
			targetProxy = 2CF7DCCD27FC97AC00643581 /* PBXContainerItemProxy */;
		};
		2CF7DCDA27FC97AC00643581 /* PBXTargetDependency */ = {
			isa = PBXTargetDependency;
			target = 2CF7DCC427FC97AC00643581 /* ImagePicker (macOS) */;
			targetProxy = 2CF7DCD927FC97AC00643581 /* PBXContainerItemProxy */;
		};
/* End PBXTargetDependency section */

/* Begin XCBuildConfiguration section */
		2CF7DCE627FC97AC00643581 /* Debug */ = {
			isa = XCBuildConfiguration;
			buildSettings = {
				ALWAYS_SEARCH_USER_PATHS = NO;
				CLANG_ANALYZER_NONNULL = YES;
				CLANG_ANALYZER_NUMBER_OBJECT_CONVERSION = YES_AGGRESSIVE;
				CLANG_CXX_LANGUAGE_STANDARD = "gnu++17";
				CLANG_ENABLE_MODULES = YES;
				CLANG_ENABLE_OBJC_ARC = YES;
				CLANG_ENABLE_OBJC_WEAK = YES;
				CLANG_WARN_BLOCK_CAPTURE_AUTORELEASING = YES;
				CLANG_WARN_BOOL_CONVERSION = YES;
				CLANG_WARN_COMMA = YES;
				CLANG_WARN_CONSTANT_CONVERSION = YES;
				CLANG_WARN_DEPRECATED_OBJC_IMPLEMENTATIONS = YES;
				CLANG_WARN_DIRECT_OBJC_ISA_USAGE = YES_ERROR;
				CLANG_WARN_DOCUMENTATION_COMMENTS = YES;
				CLANG_WARN_EMPTY_BODY = YES;
				CLANG_WARN_ENUM_CONVERSION = YES;
				CLANG_WARN_INFINITE_RECURSION = YES;
				CLANG_WARN_INT_CONVERSION = YES;
				CLANG_WARN_NON_LITERAL_NULL_CONVERSION = YES;
				CLANG_WARN_OBJC_IMPLICIT_RETAIN_SELF = YES;
				CLANG_WARN_OBJC_LITERAL_CONVERSION = YES;
				CLANG_WARN_OBJC_ROOT_CLASS = YES_ERROR;
				CLANG_WARN_QUOTED_INCLUDE_IN_FRAMEWORK_HEADER = YES;
				CLANG_WARN_RANGE_LOOP_ANALYSIS = YES;
				CLANG_WARN_STRICT_PROTOTYPES = YES;
				CLANG_WARN_SUSPICIOUS_MOVE = YES;
				CLANG_WARN_UNGUARDED_AVAILABILITY = YES_AGGRESSIVE;
				CLANG_WARN_UNREACHABLE_CODE = YES;
				CLANG_WARN__DUPLICATE_METHOD_MATCH = YES;
				COPY_PHASE_STRIP = NO;
				DEBUG_INFORMATION_FORMAT = dwarf;
				ENABLE_STRICT_OBJC_MSGSEND = YES;
				ENABLE_TESTABILITY = YES;
				GCC_C_LANGUAGE_STANDARD = gnu11;
				GCC_DYNAMIC_NO_PIC = NO;
				GCC_NO_COMMON_BLOCKS = YES;
				GCC_OPTIMIZATION_LEVEL = 0;
				GCC_PREPROCESSOR_DEFINITIONS = (
					"DEBUG=1",
					"$(inherited)",
				);
				GCC_WARN_64_TO_32_BIT_CONVERSION = YES;
				GCC_WARN_ABOUT_RETURN_TYPE = YES_ERROR;
				GCC_WARN_UNDECLARED_SELECTOR = YES;
				GCC_WARN_UNINITIALIZED_AUTOS = YES_AGGRESSIVE;
				GCC_WARN_UNUSED_FUNCTION = YES;
				GCC_WARN_UNUSED_VARIABLE = YES;
				MTL_ENABLE_DEBUG_INFO = INCLUDE_SOURCE;
				MTL_FAST_MATH = YES;
				ONLY_ACTIVE_ARCH = YES;
				SWIFT_ACTIVE_COMPILATION_CONDITIONS = DEBUG;
				SWIFT_OPTIMIZATION_LEVEL = "-Onone";
			};
			name = Debug;
		};
		2CF7DCE727FC97AC00643581 /* Release */ = {
			isa = XCBuildConfiguration;
			buildSettings = {
				ALWAYS_SEARCH_USER_PATHS = NO;
				CLANG_ANALYZER_NONNULL = YES;
				CLANG_ANALYZER_NUMBER_OBJECT_CONVERSION = YES_AGGRESSIVE;
				CLANG_CXX_LANGUAGE_STANDARD = "gnu++17";
				CLANG_ENABLE_MODULES = YES;
				CLANG_ENABLE_OBJC_ARC = YES;
				CLANG_ENABLE_OBJC_WEAK = YES;
				CLANG_WARN_BLOCK_CAPTURE_AUTORELEASING = YES;
				CLANG_WARN_BOOL_CONVERSION = YES;
				CLANG_WARN_COMMA = YES;
				CLANG_WARN_CONSTANT_CONVERSION = YES;
				CLANG_WARN_DEPRECATED_OBJC_IMPLEMENTATIONS = YES;
				CLANG_WARN_DIRECT_OBJC_ISA_USAGE = YES_ERROR;
				CLANG_WARN_DOCUMENTATION_COMMENTS = YES;
				CLANG_WARN_EMPTY_BODY = YES;
				CLANG_WARN_ENUM_CONVERSION = YES;
				CLANG_WARN_INFINITE_RECURSION = YES;
				CLANG_WARN_INT_CONVERSION = YES;
				CLANG_WARN_NON_LITERAL_NULL_CONVERSION = YES;
				CLANG_WARN_OBJC_IMPLICIT_RETAIN_SELF = YES;
				CLANG_WARN_OBJC_LITERAL_CONVERSION = YES;
				CLANG_WARN_OBJC_ROOT_CLASS = YES_ERROR;
				CLANG_WARN_QUOTED_INCLUDE_IN_FRAMEWORK_HEADER = YES;
				CLANG_WARN_RANGE_LOOP_ANALYSIS = YES;
				CLANG_WARN_STRICT_PROTOTYPES = YES;
				CLANG_WARN_SUSPICIOUS_MOVE = YES;
				CLANG_WARN_UNGUARDED_AVAILABILITY = YES_AGGRESSIVE;
				CLANG_WARN_UNREACHABLE_CODE = YES;
				CLANG_WARN__DUPLICATE_METHOD_MATCH = YES;
				COPY_PHASE_STRIP = NO;
				DEBUG_INFORMATION_FORMAT = "dwarf-with-dsym";
				ENABLE_NS_ASSERTIONS = NO;
				ENABLE_STRICT_OBJC_MSGSEND = YES;
				GCC_C_LANGUAGE_STANDARD = gnu11;
				GCC_NO_COMMON_BLOCKS = YES;
				GCC_WARN_64_TO_32_BIT_CONVERSION = YES;
				GCC_WARN_ABOUT_RETURN_TYPE = YES_ERROR;
				GCC_WARN_UNDECLARED_SELECTOR = YES;
				GCC_WARN_UNINITIALIZED_AUTOS = YES_AGGRESSIVE;
				GCC_WARN_UNUSED_FUNCTION = YES;
				GCC_WARN_UNUSED_VARIABLE = YES;
				MTL_ENABLE_DEBUG_INFO = NO;
				MTL_FAST_MATH = YES;
				SWIFT_COMPILATION_MODE = wholemodule;
				SWIFT_OPTIMIZATION_LEVEL = "-O";
			};
			name = Release;
		};
		2CF7DCE927FC97AC00643581 /* Debug */ = {
			isa = XCBuildConfiguration;
			buildSettings = {
				ASSETCATALOG_COMPILER_APPICON_NAME = AppIcon;
				ASSETCATALOG_COMPILER_GLOBAL_ACCENT_COLOR_NAME = AccentColor;
				CODE_SIGN_STYLE = Automatic;
				CURRENT_PROJECT_VERSION = 1;
				DEVELOPMENT_TEAM = Y3HVN468NS;
				ENABLE_PREVIEWS = YES;
				GENERATE_INFOPLIST_FILE = YES;
				INFOPLIST_KEY_NSAppleMusicUsageDescription = "app want acces your photos";
				INFOPLIST_KEY_NSCameraUsageDescription = "App want to acces your camera";
				INFOPLIST_KEY_UIApplicationSceneManifest_Generation = YES;
				INFOPLIST_KEY_UIApplicationSupportsIndirectInputEvents = YES;
				INFOPLIST_KEY_UILaunchScreen_Generation = YES;
				INFOPLIST_KEY_UISupportedInterfaceOrientations_iPad = "UIInterfaceOrientationPortrait UIInterfaceOrientationPortraitUpsideDown UIInterfaceOrientationLandscapeLeft UIInterfaceOrientationLandscapeRight";
				INFOPLIST_KEY_UISupportedInterfaceOrientations_iPhone = "UIInterfaceOrientationPortrait UIInterfaceOrientationLandscapeLeft UIInterfaceOrientationLandscapeRight";
				IPHONEOS_DEPLOYMENT_TARGET = 15.4;
				LD_RUNPATH_SEARCH_PATHS = (
					"$(inherited)",
					"@executable_path/Frameworks",
				);
				MARKETING_VERSION = 1.0;
				PRODUCT_BUNDLE_IDENTIFIER = com.b2studio.ImagePicker.ImagePicker;
				PRODUCT_NAME = ImagePicker;
				SDKROOT = iphoneos;
				SWIFT_EMIT_LOC_STRINGS = YES;
				SWIFT_VERSION = 5.0;
				TARGETED_DEVICE_FAMILY = "1,2";
			};
			name = Debug;
		};
		2CF7DCEA27FC97AC00643581 /* Release */ = {
			isa = XCBuildConfiguration;
			buildSettings = {
				ASSETCATALOG_COMPILER_APPICON_NAME = AppIcon;
				ASSETCATALOG_COMPILER_GLOBAL_ACCENT_COLOR_NAME = AccentColor;
				CODE_SIGN_STYLE = Automatic;
				CURRENT_PROJECT_VERSION = 1;
				DEVELOPMENT_TEAM = Y3HVN468NS;
				ENABLE_PREVIEWS = YES;
				GENERATE_INFOPLIST_FILE = YES;
				INFOPLIST_KEY_NSAppleMusicUsageDescription = "app want acces your photos";
				INFOPLIST_KEY_NSCameraUsageDescription = "App want to acces your camera";
				INFOPLIST_KEY_UIApplicationSceneManifest_Generation = YES;
				INFOPLIST_KEY_UIApplicationSupportsIndirectInputEvents = YES;
				INFOPLIST_KEY_UILaunchScreen_Generation = YES;
				INFOPLIST_KEY_UISupportedInterfaceOrientations_iPad = "UIInterfaceOrientationPortrait UIInterfaceOrientationPortraitUpsideDown UIInterfaceOrientationLandscapeLeft UIInterfaceOrientationLandscapeRight";
				INFOPLIST_KEY_UISupportedInterfaceOrientations_iPhone = "UIInterfaceOrientationPortrait UIInterfaceOrientationLandscapeLeft UIInterfaceOrientationLandscapeRight";
				IPHONEOS_DEPLOYMENT_TARGET = 15.4;
				LD_RUNPATH_SEARCH_PATHS = (
					"$(inherited)",
					"@executable_path/Frameworks",
				);
				MARKETING_VERSION = 1.0;
				PRODUCT_BUNDLE_IDENTIFIER = com.b2studio.ImagePicker.ImagePicker;
				PRODUCT_NAME = ImagePicker;
				SDKROOT = iphoneos;
				SWIFT_EMIT_LOC_STRINGS = YES;
				SWIFT_VERSION = 5.0;
				TARGETED_DEVICE_FAMILY = "1,2";
				VALIDATE_PRODUCT = YES;
			};
			name = Release;
		};
		2CF7DCEC27FC97AC00643581 /* Debug */ = {
			isa = XCBuildConfiguration;
			buildSettings = {
				ASSETCATALOG_COMPILER_APPICON_NAME = AppIcon;
				ASSETCATALOG_COMPILER_GLOBAL_ACCENT_COLOR_NAME = AccentColor;
				CODE_SIGN_ENTITLEMENTS = macOS/macOS.entitlements;
				CODE_SIGN_STYLE = Automatic;
				COMBINE_HIDPI_IMAGES = YES;
				CURRENT_PROJECT_VERSION = 1;
				DEVELOPMENT_TEAM = Y3HVN468NS;
				ENABLE_HARDENED_RUNTIME = YES;
				ENABLE_PREVIEWS = YES;
				GENERATE_INFOPLIST_FILE = YES;
				INFOPLIST_KEY_NSHumanReadableCopyright = "";
				LD_RUNPATH_SEARCH_PATHS = (
					"$(inherited)",
					"@executable_path/../Frameworks",
				);
				MACOSX_DEPLOYMENT_TARGET = 12.3;
				MARKETING_VERSION = 1.0;
				PRODUCT_BUNDLE_IDENTIFIER = com.b2studio.ImagePicker.ImagePicker;
				PRODUCT_NAME = ImagePicker;
				SDKROOT = macosx;
				SWIFT_EMIT_LOC_STRINGS = YES;
				SWIFT_VERSION = 5.0;
			};
			name = Debug;
		};
		2CF7DCED27FC97AC00643581 /* Release */ = {
			isa = XCBuildConfiguration;
			buildSettings = {
				ASSETCATALOG_COMPILER_APPICON_NAME = AppIcon;
				ASSETCATALOG_COMPILER_GLOBAL_ACCENT_COLOR_NAME = AccentColor;
				CODE_SIGN_ENTITLEMENTS = macOS/macOS.entitlements;
				CODE_SIGN_STYLE = Automatic;
				COMBINE_HIDPI_IMAGES = YES;
				CURRENT_PROJECT_VERSION = 1;
				DEVELOPMENT_TEAM = Y3HVN468NS;
				ENABLE_HARDENED_RUNTIME = YES;
				ENABLE_PREVIEWS = YES;
				GENERATE_INFOPLIST_FILE = YES;
				INFOPLIST_KEY_NSHumanReadableCopyright = "";
				LD_RUNPATH_SEARCH_PATHS = (
					"$(inherited)",
					"@executable_path/../Frameworks",
				);
				MACOSX_DEPLOYMENT_TARGET = 12.3;
				MARKETING_VERSION = 1.0;
				PRODUCT_BUNDLE_IDENTIFIER = com.b2studio.ImagePicker.ImagePicker;
				PRODUCT_NAME = ImagePicker;
				SDKROOT = macosx;
				SWIFT_EMIT_LOC_STRINGS = YES;
				SWIFT_VERSION = 5.0;
			};
			name = Release;
		};
		2CF7DCEF27FC97AC00643581 /* Debug */ = {
			isa = XCBuildConfiguration;
			buildSettings = {
				ALWAYS_EMBED_SWIFT_STANDARD_LIBRARIES = YES;
				CODE_SIGN_STYLE = Automatic;
				CURRENT_PROJECT_VERSION = 1;
				DEVELOPMENT_TEAM = Y3HVN468NS;
				GENERATE_INFOPLIST_FILE = YES;
				IPHONEOS_DEPLOYMENT_TARGET = 15.4;
				MARKETING_VERSION = 1.0;
				PRODUCT_BUNDLE_IDENTIFIER = "com.b2studio.ImagePicker.Tests-iOS";
				PRODUCT_NAME = "$(TARGET_NAME)";
				SDKROOT = iphoneos;
				SWIFT_EMIT_LOC_STRINGS = NO;
				SWIFT_VERSION = 5.0;
				TARGETED_DEVICE_FAMILY = "1,2";
				TEST_TARGET_NAME = "ImagePicker (iOS)";
			};
			name = Debug;
		};
		2CF7DCF027FC97AC00643581 /* Release */ = {
			isa = XCBuildConfiguration;
			buildSettings = {
				ALWAYS_EMBED_SWIFT_STANDARD_LIBRARIES = YES;
				CODE_SIGN_STYLE = Automatic;
				CURRENT_PROJECT_VERSION = 1;
				DEVELOPMENT_TEAM = Y3HVN468NS;
				GENERATE_INFOPLIST_FILE = YES;
				IPHONEOS_DEPLOYMENT_TARGET = 15.4;
				MARKETING_VERSION = 1.0;
				PRODUCT_BUNDLE_IDENTIFIER = "com.b2studio.ImagePicker.Tests-iOS";
				PRODUCT_NAME = "$(TARGET_NAME)";
				SDKROOT = iphoneos;
				SWIFT_EMIT_LOC_STRINGS = NO;
				SWIFT_VERSION = 5.0;
				TARGETED_DEVICE_FAMILY = "1,2";
				TEST_TARGET_NAME = "ImagePicker (iOS)";
				VALIDATE_PRODUCT = YES;
			};
			name = Release;
		};
		2CF7DCF227FC97AC00643581 /* Debug */ = {
			isa = XCBuildConfiguration;
			buildSettings = {
				ALWAYS_EMBED_SWIFT_STANDARD_LIBRARIES = YES;
				CODE_SIGN_STYLE = Automatic;
				CURRENT_PROJECT_VERSION = 1;
				DEVELOPMENT_TEAM = Y3HVN468NS;
				GENERATE_INFOPLIST_FILE = YES;
				MACOSX_DEPLOYMENT_TARGET = 12.3;
				MARKETING_VERSION = 1.0;
				PRODUCT_BUNDLE_IDENTIFIER = "com.b2studio.ImagePicker.Tests-macOS";
				PRODUCT_NAME = "$(TARGET_NAME)";
				SDKROOT = macosx;
				SWIFT_EMIT_LOC_STRINGS = NO;
				SWIFT_VERSION = 5.0;
				TEST_TARGET_NAME = "ImagePicker (macOS)";
			};
			name = Debug;
		};
		2CF7DCF327FC97AC00643581 /* Release */ = {
			isa = XCBuildConfiguration;
			buildSettings = {
				ALWAYS_EMBED_SWIFT_STANDARD_LIBRARIES = YES;
				CODE_SIGN_STYLE = Automatic;
				CURRENT_PROJECT_VERSION = 1;
				DEVELOPMENT_TEAM = Y3HVN468NS;
				GENERATE_INFOPLIST_FILE = YES;
				MACOSX_DEPLOYMENT_TARGET = 12.3;
				MARKETING_VERSION = 1.0;
				PRODUCT_BUNDLE_IDENTIFIER = "com.b2studio.ImagePicker.Tests-macOS";
				PRODUCT_NAME = "$(TARGET_NAME)";
				SDKROOT = macosx;
				SWIFT_EMIT_LOC_STRINGS = NO;
				SWIFT_VERSION = 5.0;
				TEST_TARGET_NAME = "ImagePicker (macOS)";
			};
			name = Release;
		};
/* End XCBuildConfiguration section */

/* Begin XCConfigurationList section */
		2CF7DCB627FC97AB00643581 /* Build configuration list for PBXProject "ImagePicker" */ = {
			isa = XCConfigurationList;
			buildConfigurations = (
				2CF7DCE627FC97AC00643581 /* Debug */,
				2CF7DCE727FC97AC00643581 /* Release */,
			);
			defaultConfigurationIsVisible = 0;
			defaultConfigurationName = Release;
		};
		2CF7DCE827FC97AC00643581 /* Build configuration list for PBXNativeTarget "ImagePicker (iOS)" */ = {
			isa = XCConfigurationList;
			buildConfigurations = (
				2CF7DCE927FC97AC00643581 /* Debug */,
				2CF7DCEA27FC97AC00643581 /* Release */,
			);
			defaultConfigurationIsVisible = 0;
			defaultConfigurationName = Release;
		};
		2CF7DCEB27FC97AC00643581 /* Build configuration list for PBXNativeTarget "ImagePicker (macOS)" */ = {
			isa = XCConfigurationList;
			buildConfigurations = (
				2CF7DCEC27FC97AC00643581 /* Debug */,
				2CF7DCED27FC97AC00643581 /* Release */,
			);
			defaultConfigurationIsVisible = 0;
			defaultConfigurationName = Release;
		};
		2CF7DCEE27FC97AC00643581 /* Build configuration list for PBXNativeTarget "Tests iOS" */ = {
			isa = XCConfigurationList;
			buildConfigurations = (
				2CF7DCEF27FC97AC00643581 /* Debug */,
				2CF7DCF027FC97AC00643581 /* Release */,
			);
			defaultConfigurationIsVisible = 0;
			defaultConfigurationName = Release;
		};
		2CF7DCF127FC97AC00643581 /* Build configuration list for PBXNativeTarget "Tests macOS" */ = {
			isa = XCConfigurationList;
			buildConfigurations = (
				2CF7DCF227FC97AC00643581 /* Debug */,
				2CF7DCF327FC97AC00643581 /* Release */,
			);
			defaultConfigurationIsVisible = 0;
			defaultConfigurationName = Release;
		};
/* End XCConfigurationList section */
	};
	rootObject = 2CF7DCB327FC97AB00643581 /* Project object */;
}
